{
  "name": "test",
  "version": "1.0.0",
  "lockfileVersion": 3,
  "requires": true,
  "packages": {
    "": {
      "name": "test",
      "version": "1.0.0",
      "license": "ISC",
      "dependencies": {
        "@jay-pansuriya/matrix.js": "^1.0.0"
      }
    },
    "node_modules/@jay-pansuriya/matrix.js": {
      "version": "1.0.0",
      "resolved": "https://registry.npmjs.org/@jay-pansuriya/matrix.js/-/matrix.js-1.0.0.tgz",
      "integrity": "sha512-UwbHyjPk6+oXuO5Tb3FTpFasbUXD1IyQtf0LWOH5AgfCnAAP5nEzmvbeAZzAsQrqqtvaa5goqmxgW8C/loAEOA==",
      "license": "ISC"
    }
  }
}
